# THIS IS AN AUTOGENERATED FILE. DO NOT EDIT THIS FILE DIRECTLY.
# yarn lockfile v1


"@influxdata/influxdb-client@^1.26.0":
  version "1.26.0"
  resolved "https://registry.yarnpkg.com/@influxdata/influxdb-client/-/influxdb-client-1.26.0.tgz#742ecc498869362a6f0e7e4d1ef4c975e91b935e"
  integrity sha512-outv3/ODQGPoGTxXaFJC/s1gJwcOjATTfObG4/z7sjKJYyHMYhjxxqhx16yjlpFwkTx/VUYleWkkbM3HMuUBgg==
